
Microsoft Visual Studio Solution File, Format Version 12.00
# Visual Studio Version 17
VisualStudioVersion = 17.3.32929.385
MinimumVisualStudioVersion = 10.0.40219.1
Project("{FAE04EC0-301F-11D3-BF4B-00C04F79EFBC}") = "Student_UDF", "Student_UDF.csproj", "{D9F3D96F-C797-4480-B8F2-B7CE928DC192}"
EndProject
Global
	GlobalSection(SolutionConfigurationPlatforms) = preSolution
		Debug|Any CPU = Debug|Any CPU
		Release|Any CPU = Release|Any CPU
	EndGlobalSection
	GlobalSection(ProjectConfigurationPlatforms) = postSolution
		{D9F3D96F-C797-4480-B8F2-B7CE928DC192}.Debug|Any CPU.ActiveCfg = Debug|Any CPU
		{D9F3D96F-C797-4480-B8F2-B7CE928DC192}.Debug|Any CPU.Build.0 = Debug|Any CPU
		{D9F3D96F-C797-4480-B8F2-B7CE928DC192}.Release|Any CPU.ActiveCfg = Release|Any CPU
		{D9F3D96F-C797-4480-B8F2-B7CE928DC192}.Release|Any CPU.Build.0 = Release|Any CPU
	EndGlobalSection
	GlobalSection(SolutionProperties) = preSolution
		HideSolutionNode = FALSE
	EndGlobalSection
	GlobalSection(ExtensibilityGlobals) = postSolution
		SolutionGuid = {065A3ADF-0B94-42ED-AF9C-CEA59D97D49A}
	EndGlobalSection
EndGlobal
